{
    "_readme": [
        "This file locks the dependencies of your project to a known state",
        "Read more about it at https://getcomposer.org/doc/01-basic-usage.md#installing-dependencies",
        "This file is @generated automatically"
    ],
    "content-hash": "ec5f3eb2dcc32b66b17e5c8676e00cb0",
    "packages": [
        {
            "name": "laravel/serializable-closure",
            "version": "v2.0.9",
            "source": {
                "type": "git",
                "url": "https://github.com/laravel/serializable-closure.git",
                "reference": "8f631589ab07b7b52fead814965f5a800459cb3e"
            },
            "dist": {
                "type": "zip",
                "url": "https://api.github.com/repos/laravel/serializable-closure/zipball/8f631589ab07b7b52fead814965f5a800459cb3e",
                "reference": "8f631589ab07b7b52fead814965f5a800459cb3e",
                "shasum": ""
            },
            "require": {
                "php": "^8.1"
            },
            "require-dev": {
                "illuminate/support": "^10.0|^11.0|^12.0|^13.0",
                "nesbot/carbon": "^2.67|^3.0",
                "pestphp/pest": "^2.36|^3.0|^4.0",
                "phpstan/phpstan": "^2.0",
                "symfony/var-dumper": "^6.2.0|^7.0.0|^8.0.0"
            },
            "type": "library",
            "extra": {
                "branch-alias": {
                    "dev-master": "2.x-dev"
                }
            },
            "autoload": {
                "psr-4": {
                    "Laravel\\SerializableClosure\\": "src/"
                }
            },
            "notification-url": "https://packagist.org/downloads/",
            "license": [
                "MIT"
            ],
            "authors": [
                {
                    "name": "Taylor Otwell",
                    "email": "taylor@laravel.com"
                },
                {
                    "name": "Nuno Maduro",
                    "email": "nuno@laravel.com"
                }
            ],
            "description": "Laravel Serializable Closure provides an easy and secure way to serialize closures in PHP.",
            "keywords": [
                "closure",
                "laravel",
                "serializable"
            ],
            "support": {
                "issues": "https://github.com/laravel/serializable-closure/issues",
                "source": "https://github.com/laravel/serializable-closure"
            },
            "time": "2026-02-03T06:55:34+00:00"
        },
        {
            "name": "nyholm/psr7",
            "version": "1.8.2",
            "source": {
                "type": "git",
                "url": "https://github.com/Nyholm/psr7.git",
                "reference": "a71f2b11690f4b24d099d6b16690a90ae14fc6f3"
            },
            "dist": {
                "type": "zip",
                "url": "https://api.github.com/repos/Nyholm/psr7/zipball/a71f2b11690f4b24d099d6b16690a90ae14fc6f3",
                "reference": "a71f2b11690f4b24d099d6b16690a90ae14fc6f3",
                "shasum": ""
            },
            "require": {
                "php": ">=7.2",
                "psr/http-factory": "^1.0",
                "psr/http-message": "^1.1 || ^2.0"
            },
            "provide": {
                "php-http/message-factory-implementation": "1.0",
                "psr/http-factory-implementation": "1.0",
                "psr/http-message-implementation": "1.0"
            },
            "require-dev": {
                "http-interop/http-factory-tests": "^0.9",
                "php-http/message-factory": "^1.0",
                "php-http/psr7-integration-tests": "^1.0",
                "phpunit/phpunit": "^7.5 || ^8.5 || ^9.4",
                "symfony/error-handler": "^4.4"
            },
            "type": "library",
            "extra": {
                "branch-alias": {
                    "dev-master": "1.8-dev"
                }
            },
            "autoload": {
                "psr-4": {
                    "Nyholm\\Psr7\\": "src/"
                }
            },
            "notification-url": "https://packagist.org/downloads/",
            "license": [
                "MIT"
            ],
            "authors": [
                {
                    "name": "Tobias Nyholm",
                    "email": "tobias.nyholm@gmail.com"
                },
                {
                    "name": "Martijn van der Ven",
                    "email": "martijn@vanderven.se"
                }
            ],
            "description": "A fast PHP7 implementation of PSR-7",
            "homepage": "https://tnyholm.se",
            "keywords": [
                "psr-17",
                "psr-7"
            ],
            "support": {
                "issues": "https://github.com/Nyholm/psr7/issues",
                "source": "https://github.com/Nyholm/psr7/tree/1.8.2"
            },
            "funding": [
                {
                    "url": "https://github.com/Zegnat",
                    "type": "github"
                },
                {
                    "url": "https://github.com/nyholm",
                    "type": "github"
                }
            ],
            "time": "2024-09-09T07:06:30+00:00"
        },
        {
            "name": "php-di/invoker",
            "version": "2.3.7",
            "source": {
                "type": "git",
                "url": "https://github.com/PHP-DI/Invoker.git",
                "reference": "3c1ddfdef181431fbc4be83378f6d036d59e81e1"
            },
            "dist": {
                "type": "zip",
                "url": "https://api.github.com/repos/PHP-DI/Invoker/zipball/3c1ddfdef181431fbc4be83378f6d036d59e81e1",
                "reference": "3c1ddfdef181431fbc4be83378f6d036d59e81e1",
                "shasum": ""
            },
            "require": {
                "php": ">=7.3",
                "psr/container": "^1.0|^2.0"
            },
            "require-dev": {
                "athletic/athletic": "~0.1.8",
                "mnapoli/hard-mode": "~0.3.0",
                "phpunit/phpunit": "^9.0 || ^10 || ^11 || ^12"
            },
            "type": "library",
            "autoload": {
                "psr-4": {
                    "Invoker\\": "src/"
                }
            },
            "notification-url": "https://packagist.org/downloads/",
            "license": [
                "MIT"
            ],
            "description": "Generic and extensible callable invoker",
            "homepage": "https://github.com/PHP-DI/Invoker",
            "keywords": [
                "callable",
                "dependency",
                "dependency-injection",
                "injection",
                "invoke",
                "invoker"
            ],
            "support": {
                "issues": "https://github.com/PHP-DI/Invoker/issues",
                "source": "https://github.com/PHP-DI/Invoker/tree/2.3.7"
            },
            "funding": [
                {
                    "url": "https://github.com/mnapoli",
                    "type": "github"
                }
            ],
            "time": "2025-08-30T10:22:22+00:00"
        },
        {
            "name": "php-di/php-di",
            "version": "7.1.1",
            "source": {
                "type": "git",
                "url": "https://github.com/PHP-DI/PHP-DI.git",
                "reference": "f88054cc052e40dbe7b383c8817c19442d480352"
            },
            "dist": {
                "type": "zip",
                "url": "https://api.github.com/repos/PHP-DI/PHP-DI/zipball/f88054cc052e40dbe7b383c8817c19442d480352",
                "reference": "f88054cc052e40dbe7b383c8817c19442d480352",
                "shasum": ""
            },
            "require": {
                "laravel/serializable-closure": "^1.0 || ^2.0",
                "php": ">=8.0",
                "php-di/invoker": "^2.0",
                "psr/container": "^1.1 || ^2.0"
            },
            "provide": {
                "psr/container-implementation": "^1.0"
            },
            "require-dev": {
                "friendsofphp/php-cs-fixer": "^3",
                "friendsofphp/proxy-manager-lts": "^1",
                "mnapoli/phpunit-easymock": "^1.3",
                "phpunit/phpunit": "^9.6 || ^10 || ^11",
                "vimeo/psalm": "^5|^6"
            },
            "suggest": {
                "friendsofphp/proxy-manager-lts": "Install it if you want to use lazy injection (version ^1)"
            },
            "type": "library",
            "autoload": {
                "files": [
                    "src/functions.php"
                ],
                "psr-4": {
                    "DI\\": "src/"
                }
            },
            "notification-url": "https://packagist.org/downloads/",
            "license": [
                "MIT"
            ],
            "description": "The dependency injection container for humans",
            "homepage": "https://php-di.org/",
            "keywords": [
                "PSR-11",
                "container",
                "container-interop",
                "dependency injection",
                "di",
                "ioc",
                "psr11"
            ],
            "support": {
                "issues": "https://github.com/PHP-DI/PHP-DI/issues",
                "source": "https://github.com/PHP-DI/PHP-DI/tree/7.1.1"
            },
            "funding": [
                {
                    "url": "https://github.com/mnapoli",
                    "type": "github"
                },
                {
                    "url": "https://tidelift.com/funding/github/packagist/php-di/php-di",
                    "type": "tidelift"
                }
            ],
            "time": "2025-08-16T11:10:48+00:00"
        },
        {
            "name": "psr/container",
            "version": "2.0.2",
            "source": {
                "type": "git",
                "url": "https://github.com/php-fig/container.git",
                "reference": "c71ecc56dfe541dbd90c5360474fbc405f8d5963"
            },
            "dist": {
                "type": "zip",
                "url": "https://api.github.com/repos/php-fig/container/zipball/c71ecc56dfe541dbd90c5360474fbc405f8d5963",
                "reference": "c71ecc56dfe541dbd90c5360474fbc405f8d5963",
                "shasum": ""
            },
            "require": {
                "php": ">=7.4.0"
            },
            "type": "library",
            "extra": {
                "branch-alias": {
                    "dev-master": "2.0.x-dev"
                }
            },
            "autoload": {
                "psr-4": {
                    "Psr\\Container\\": "src/"
                }
            },
            "notification-url": "https://packagist.org/downloads/",
            "license": [
                "MIT"
            ],
            "authors": [
                {
                    "name": "PHP-FIG",
                    "homepage": "https://www.php-fig.org/"
                }
            ],
            "description": "Common Container Interface (PHP FIG PSR-11)",
            "homepage": "https://github.com/php-fig/container",
            "keywords": [
                "PSR-11",
                "container",
                "container-interface",
                "container-interop",
                "psr"
            ],
            "support": {
                "issues": "https://github.com/php-fig/container/issues",
                "source": "https://github.com/php-fig/container/tree/2.0.2"
            },
            "time": "2021-11-05T16:47:00+00:00"
        },
        {
            "name": "psr/http-factory",
            "version": "1.1.0",
            "source": {
                "type": "git",
                "url": "https://github.com/php-fig/http-factory.git",
                "reference": "2b4765fddfe3b508ac62f829e852b1501d3f6e8a"
            },
            "dist": {
                "type": "zip",
                "url": "https://api.github.com/repos/php-fig/http-factory/zipball/2b4765fddfe3b508ac62f829e852b1501d3f6e8a",
                "reference": "2b4765fddfe3b508ac62f829e852b1501d3f6e8a",
                "shasum": ""
            },
            "require": {
                "php": ">=7.1",
                "psr/http-message": "^1.0 || ^2.0"
            },
            "type": "library",
            "extra": {
                "branch-alias": {
                    "dev-master": "1.0.x-dev"
                }
            },
            "autoload": {
                "psr-4": {
                    "Psr\\Http\\Message\\": "src/"
                }
            },
            "notification-url": "https://packagist.org/downloads/",
            "license": [
                "MIT"
            ],
            "authors": [
                {
                    "name": "PHP-FIG",
                    "homepage": "https://www.php-fig.org/"
                }
            ],
            "description": "PSR-17: Common interfaces for PSR-7 HTTP message factories",
            "keywords": [
                "factory",
                "http",
                "message",
                "psr",
                "psr-17",
                "psr-7",
                "request",
                "response"
            ],
            "support": {
                "source": "https://github.com/php-fig/http-factory"
            },
            "time": "2024-04-15T12:06:14+00:00"
        },
        {
            "name": "psr/http-message",
            "version": "2.0",
            "source": {
                "type": "git",
                "url": "https://github.com/php-fig/http-message.git",
                "reference": "402d35bcb92c70c026d1a6a9883f06b2ead23d71"
            },
            "dist": {
                "type": "zip",
                "url": "https://api.github.com/repos/php-fig/http-message/zipball/402d35bcb92c70c026d1a6a9883f06b2ead23d71",
                "reference": "402d35bcb92c70c026d1a6a9883f06b2ead23d71",
                "shasum": ""
            },
            "require": {
                "php": "^7.2 || ^8.0"
            },
            "type": "library",
            "extra": {
                "branch-alias": {
                    "dev-master": "2.0.x-dev"
                }
            },
            "autoload": {
                "psr-4": {
                    "Psr\\Http\\Message\\": "src/"
                }
            },
            "notification-url": "https://packagist.org/downloads/",
            "license": [
                "MIT"
            ],
            "authors": [
                {
                    "name": "PHP-FIG",
                    "homepage": "https://www.php-fig.org/"
                }
            ],
            "description": "Common interface for HTTP messages",
            "homepage": "https://github.com/php-fig/http-message",
            "keywords": [
                "http",
                "http-message",
                "psr",
                "psr-7",
                "request",
                "response"
            ],
            "support": {
                "source": "https://github.com/php-fig/http-message/tree/2.0"
            },
            "time": "2023-04-04T09:54:51+00:00"
        },
        {
            "name": "symfony/deprecation-contracts",
            "version": "v3.6.0",
            "source": {
                "type": "git",
                "url": "https://github.com/symfony/deprecation-contracts.git",
                "reference": "63afe740e99a13ba87ec199bb07bbdee937a5b62"
            },
            "dist": {
                "type": "zip",
                "url": "https://api.github.com/repos/symfony/deprecation-contracts/zipball/63afe740e99a13ba87ec199bb07bbdee937a5b62",
                "reference": "63afe740e99a13ba87ec199bb07bbdee937a5b62",
                "shasum": ""
            },
            "require": {
                "php": ">=8.1"
            },
            "type": "library",
            "extra": {
                "thanks": {
                    "url": "https://github.com/symfony/contracts",
                    "name": "symfony/contracts"
                },
                "branch-alias": {
                    "dev-main": "3.6-dev"
                }
            },
            "autoload": {
                "files": [
                    "function.php"
                ]
            },
            "notification-url": "https://packagist.org/downloads/",
            "license": [
                "MIT"
            ],
            "authors": [
                {
                    "name": "Nicolas Grekas",
                    "email": "p@tchwork.com"
                },
                {
                    "name": "Symfony Community",
                    "homepage": "https://symfony.com/contributors"
                }
            ],
            "description": "A generic function and convention to trigger deprecation notices",
            "homepage": "https://symfony.com",
            "support": {
                "source": "https://github.com/symfony/deprecation-contracts/tree/v3.6.0"
            },
            "funding": [
                {
                    "url": "https://symfony.com/sponsor",
                    "type": "custom"
                },
                {
                    "url": "https://github.com/fabpot",
                    "type": "github"
                },
                {
                    "url": "https://tidelift.com/funding/github/packagist/symfony/symfony",
                    "type": "tidelift"
                }
            ],
            "time": "2024-09-25T14:21:43+00:00"
        },
        {
            "name": "symfony/http-foundation",
            "version": "v8.0.5",
            "source": {
                "type": "git",
                "url": "https://github.com/symfony/http-foundation.git",
                "reference": "e3422806e6f6760dbed0ddbc0a7fbfb6b5ce96bb"
            },
            "dist": {
                "type": "zip",
                "url": "https://api.github.com/repos/symfony/http-foundation/zipball/e3422806e6f6760dbed0ddbc0a7fbfb6b5ce96bb",
                "reference": "e3422806e6f6760dbed0ddbc0a7fbfb6b5ce96bb",
                "shasum": ""
            },
            "require": {
                "php": ">=8.4",
                "symfony/polyfill-mbstring": "^1.1"
            },
            "conflict": {
                "doctrine/dbal": "<4.3"
            },
            "require-dev": {
                "doctrine/dbal": "^4.3",
                "predis/predis": "^1.1|^2.0",
                "symfony/cache": "^7.4|^8.0",
                "symfony/clock": "^7.4|^8.0",
                "symfony/dependency-injection": "^7.4|^8.0",
                "symfony/expression-language": "^7.4|^8.0",
                "symfony/http-kernel": "^7.4|^8.0",
                "symfony/mime": "^7.4|^8.0",
                "symfony/rate-limiter": "^7.4|^8.0"
            },
            "type": "library",
            "autoload": {
                "psr-4": {
                    "Symfony\\Component\\HttpFoundation\\": ""
                },
                "exclude-from-classmap": [
                    "/Tests/"
                ]
            },
            "notification-url": "https://packagist.org/downloads/",
            "license": [
                "MIT"
            ],
            "authors": [
                {
                    "name": "Fabien Potencier",
                    "email": "fabien@symfony.com"
                },
                {
                    "name": "Symfony Community",
                    "homepage": "https://symfony.com/contributors"
                }
            ],
            "description": "Defines an object-oriented layer for the HTTP specification",
            "homepage": "https://symfony.com",
            "support": {
                "source": "https://github.com/symfony/http-foundation/tree/v8.0.5"
            },
            "funding": [
                {
                    "url": "https://symfony.com/sponsor",
                    "type": "custom"
                },
                {
                    "url": "https://github.com/fabpot",
                    "type": "github"
                },
                {
                    "url": "https://github.com/nicolas-grekas",
                    "type": "github"
                },
                {
                    "url": "https://tidelift.com/funding/github/packagist/symfony/symfony",
                    "type": "tidelift"
                }
            ],
            "time": "2026-01-27T16:18:07+00:00"
        },
        {
            "name": "symfony/polyfill-mbstring",
            "version": "v1.33.0",
            "source": {
                "type": "git",
                "url": "https://github.com/symfony/polyfill-mbstring.git",
                "reference": "6d857f4d76bd4b343eac26d6b539585d2bc56493"
            },
            "dist": {
                "type": "zip",
                "url": "https://api.github.com/repos/symfony/polyfill-mbstring/zipball/6d857f4d76bd4b343eac26d6b539585d2bc56493",
                "reference": "6d857f4d76bd4b343eac26d6b539585d2bc56493",
                "shasum": ""
            },
            "require": {
                "ext-iconv": "*",
                "php": ">=7.2"
            },
            "provide": {
                "ext-mbstring": "*"
            },
            "suggest": {
                "ext-mbstring": "For best performance"
            },
            "type": "library",
            "extra": {
                "thanks": {
                    "url": "https://github.com/symfony/polyfill",
                    "name": "symfony/polyfill"
                }
            },
            "autoload": {
                "files": [
                    "bootstrap.php"
                ],
                "psr-4": {
                    "Symfony\\Polyfill\\Mbstring\\": ""
                }
            },
            "notification-url": "https://packagist.org/downloads/",
            "license": [
                "MIT"
            ],
            "authors": [
                {
                    "name": "Nicolas Grekas",
                    "email": "p@tchwork.com"
                },
                {
                    "name": "Symfony Community",
                    "homepage": "https://symfony.com/contributors"
                }
            ],
            "description": "Symfony polyfill for the Mbstring extension",
            "homepage": "https://symfony.com",
            "keywords": [
                "compatibility",
                "mbstring",
                "polyfill",
                "portable",
                "shim"
            ],
            "support": {
                "source": "https://github.com/symfony/polyfill-mbstring/tree/v1.33.0"
            },
            "funding": [
                {
                    "url": "https://symfony.com/sponsor",
                    "type": "custom"
                },
                {
                    "url": "https://github.com/fabpot",
                    "type": "github"
                },
                {
                    "url": "https://github.com/nicolas-grekas",
                    "type": "github"
                },
                {
                    "url": "https://tidelift.com/funding/github/packagist/symfony/symfony",
                    "type": "tidelift"
                }
            ],
            "time": "2024-12-23T08:48:59+00:00"
        },
        {
            "name": "symfony/psr-http-message-bridge",
            "version": "v8.0.4",
            "source": {
                "type": "git",
                "url": "https://github.com/symfony/psr-http-message-bridge.git",
                "reference": "d6edf266746dd0b8e81e754a79da77b08dc00531"
            },
            "dist": {
                "type": "zip",
                "url": "https://api.github.com/repos/symfony/psr-http-message-bridge/zipball/d6edf266746dd0b8e81e754a79da77b08dc00531",
                "reference": "d6edf266746dd0b8e81e754a79da77b08dc00531",
                "shasum": ""
            },
            "require": {
                "php": ">=8.4",
                "psr/http-message": "^1.0|^2.0",
                "symfony/http-foundation": "^7.4|^8.0"
            },
            "conflict": {
                "php-http/discovery": "<1.15"
            },
            "require-dev": {
                "nyholm/psr7": "^1.1",
                "php-http/discovery": "^1.15",
                "psr/log": "^1.1.4|^2|^3",
                "symfony/browser-kit": "^7.4|^8.0",
                "symfony/config": "^7.4|^8.0",
                "symfony/event-dispatcher": "^7.4|^8.0",
                "symfony/framework-bundle": "^7.4|^8.0",
                "symfony/http-kernel": "^7.4|^8.0",
                "symfony/runtime": "^7.4|^8.0"
            },
            "type": "symfony-bridge",
            "autoload": {
                "psr-4": {
                    "Symfony\\Bridge\\PsrHttpMessage\\": ""
                },
                "exclude-from-classmap": [
                    "/Tests/"
                ]
            },
            "notification-url": "https://packagist.org/downloads/",
            "license": [
                "MIT"
            ],
            "authors": [
                {
                    "name": "Fabien Potencier",
                    "email": "fabien@symfony.com"
                },
                {
                    "name": "Symfony Community",
                    "homepage": "https://symfony.com/contributors"
                }
            ],
            "description": "PSR HTTP message bridge",
            "homepage": "https://symfony.com",
            "keywords": [
                "http",
                "http-message",
                "psr-17",
                "psr-7"
            ],
            "support": {
                "source": "https://github.com/symfony/psr-http-message-bridge/tree/v8.0.4"
            },
            "funding": [
                {
                    "url": "https://symfony.com/sponsor",
                    "type": "custom"
                },
                {
                    "url": "https://github.com/fabpot",
                    "type": "github"
                },
                {
                    "url": "https://github.com/nicolas-grekas",
                    "type": "github"
                },
                {
                    "url": "https://tidelift.com/funding/github/packagist/symfony/symfony",
                    "type": "tidelift"
                }
            ],
            "time": "2026-01-03T23:40:55+00:00"
        },
        {
            "name": "symfony/routing",
            "version": "v8.0.4",
            "source": {
                "type": "git",
                "url": "https://github.com/symfony/routing.git",
                "reference": "4a2bc08d1c35307239329f434d45c2bfe8241fa9"
            },
            "dist": {
                "type": "zip",
                "url": "https://api.github.com/repos/symfony/routing/zipball/4a2bc08d1c35307239329f434d45c2bfe8241fa9",
                "reference": "4a2bc08d1c35307239329f434d45c2bfe8241fa9",
                "shasum": ""
            },
            "require": {
                "php": ">=8.4",
                "symfony/deprecation-contracts": "^2.5|^3"
            },
            "require-dev": {
                "psr/log": "^1|^2|^3",
                "symfony/config": "^7.4|^8.0",
                "symfony/dependency-injection": "^7.4|^8.0",
                "symfony/expression-language": "^7.4|^8.0",
                "symfony/http-foundation": "^7.4|^8.0",
                "symfony/yaml": "^7.4|^8.0"
            },
            "type": "library",
            "autoload": {
                "psr-4": {
                    "Symfony\\Component\\Routing\\": ""
                },
                "exclude-from-classmap": [
                    "/Tests/"
                ]
            },
            "notification-url": "https://packagist.org/downloads/",
            "license": [
                "MIT"
            ],
            "authors": [
                {
                    "name": "Fabien Potencier",
                    "email": "fabien@symfony.com"
                },
                {
                    "name": "Symfony Community",
                    "homepage": "https://symfony.com/contributors"
                }
            ],
            "description": "Maps an HTTP request to a set of configuration variables",
            "homepage": "https://symfony.com",
            "keywords": [
                "router",
                "routing",
                "uri",
                "url"
            ],
            "support": {
                "source": "https://github.com/symfony/routing/tree/v8.0.4"
            },
            "funding": [
                {
                    "url": "https://symfony.com/sponsor",
                    "type": "custom"
                },
                {
                    "url": "https://github.com/fabpot",
                    "type": "github"
                },
                {
                    "url": "https://github.com/nicolas-grekas",
                    "type": "github"
                },
                {
                    "url": "https://tidelift.com/funding/github/packagist/symfony/symfony",
                    "type": "tidelift"
                }
            ],
            "time": "2026-01-12T12:37:40+00:00"
        }
    ],
    "packages-dev": [],
    "aliases": [],
    "minimum-stability": "stable",
    "stability-flags": {},
    "prefer-stable": false,
    "prefer-lowest": false,
    "platform": {},
    "platform-dev": {},
    "plugin-api-version": "2.6.0"
}
